// !$*UTF8*$!
{
	archiveVersion = 1;
	classes = {
	};
	objectVersion = 50;
	objects = {

/* Begin PBXBuildFile section */
		5594A125222C465D0042A01E /* AppDelegate.swift in Sources */ = {isa = PBXBuildFile; fileRef = 5594A124222C465D0042A01E /* AppDelegate.swift */; };
		5594A12B222C465D0042A01E /* GameScene.swift in Sources */ = {isa = PBXBuildFile; fileRef = 5594A12A222C465D0042A01E /* GameScene.swift */; };
		5594A12D222C465D0042A01E /* GameViewController.swift in Sources */ = {isa = PBXBuildFile; fileRef = 5594A12C222C465D0042A01E /* GameViewController.swift */; };
		5594A130222C465D0042A01E /* Main.storyboard in Resources */ = {isa = PBXBuildFile; fileRef = 5594A12E222C465D0042A01E /* Main.storyboard */; };
		5594A132222C465E0042A01E /* Assets.xcassets in Resources */ = {isa = PBXBuildFile; fileRef = 5594A131222C465E0042A01E /* Assets.xcassets */; };
		5594A135222C465E0042A01E /* LaunchScreen.storyboard in Resources */ = {isa = PBXBuildFile; fileRef = 5594A133222C465E0042A01E /* LaunchScreen.storyboard */; };
		5594A157222CA78C0042A01E /* sprites.atlas in Resources */ = {isa = PBXBuildFile; fileRef = 5594A13E222CA78C0042A01E /* sprites.atlas */; };
		5594A158222CA78C0042A01E /* SKColor+Extensions.swift in Sources */ = {isa = PBXBuildFile; fileRef = 5594A140222CA78C0042A01E /* SKColor+Extensions.swift */; };
		5594A159222CA78C0042A01E /* CGVector+Extensions.swift in Sources */ = {isa = PBXBuildFile; fileRef = 5594A141222CA78C0042A01E /* CGVector+Extensions.swift */; };
		5594A15A222CA78C0042A01E /* Int+Extensions.swift in Sources */ = {isa = PBXBuildFile; fileRef = 5594A142222CA78C0042A01E /* Int+Extensions.swift */; };
		5594A15B222CA78C0042A01E /* SKTTimingFunctions.swift in Sources */ = {isa = PBXBuildFile; fileRef = 5594A143222CA78C0042A01E /* SKTTimingFunctions.swift */; };
		5594A15C222CA78C0042A01E /* SKAction+Extensions.swift in Sources */ = {isa = PBXBuildFile; fileRef = 5594A144222CA78C0042A01E /* SKAction+Extensions.swift */; };
		5594A15D222CA78C0042A01E /* SKAction+SpecialEffects.swift in Sources */ = {isa = PBXBuildFile; fileRef = 5594A145222CA78C0042A01E /* SKAction+SpecialEffects.swift */; };
		5594A15E222CA78C0042A01E /* SKNode+Extensions.swift in Sources */ = {isa = PBXBuildFile; fileRef = 5594A146222CA78C0042A01E /* SKNode+Extensions.swift */; };
		5594A15F222CA78C0042A01E /* CGPoint+Extensions.swift in Sources */ = {isa = PBXBuildFile; fileRef = 5594A147222CA78C0042A01E /* CGPoint+Extensions.swift */; };
		5594A160222CA78C0042A01E /* SKTEffects.swift in Sources */ = {isa = PBXBuildFile; fileRef = 5594A148222CA78C0042A01E /* SKTEffects.swift */; };
		5594A161222CA78C0042A01E /* SKTAudio.swift in Sources */ = {isa = PBXBuildFile; fileRef = 5594A149222CA78C0042A01E /* SKTAudio.swift */; };
		5594A162222CA78C0042A01E /* Vector3.swift in Sources */ = {isa = PBXBuildFile; fileRef = 5594A14A222CA78C0042A01E /* Vector3.swift */; };
		5594A163222CA78C0042A01E /* CGFloat+Extensions.swift in Sources */ = {isa = PBXBuildFile; fileRef = 5594A14B222CA78C0042A01E /* CGFloat+Extensions.swift */; };
		5594A164222CA78C0042A01E /* hitGround.wav in Resources */ = {isa = PBXBuildFile; fileRef = 5594A14D222CA78C0042A01E /* hitGround.wav */; };
		5594A165222CA78C0042A01E /* whack.wav in Resources */ = {isa = PBXBuildFile; fileRef = 5594A14E222CA78C0042A01E /* whack.wav */; };
		5594A166222CA78C0042A01E /* flapping.wav in Resources */ = {isa = PBXBuildFile; fileRef = 5594A14F222CA78C0042A01E /* flapping.wav */; };
		5594A167222CA78C0042A01E /* falling.wav in Resources */ = {isa = PBXBuildFile; fileRef = 5594A150222CA78C0042A01E /* falling.wav */; };
		5594A168222CA78C0042A01E /* coin.wav in Resources */ = {isa = PBXBuildFile; fileRef = 5594A151222CA78C0042A01E /* coin.wav */; };
		5594A169222CA78C0042A01E /* pop.wav in Resources */ = {isa = PBXBuildFile; fileRef = 5594A152222CA78C0042A01E /* pop.wav */; };
		5594A16A222CA78C0042A01E /* ding.wav in Resources */ = {isa = PBXBuildFile; fileRef = 5594A153222CA78C0042A01E /* ding.wav */; };
		5594A170222E04850042A01E /* PlayerEntity.swift in Sources */ = {isa = PBXBuildFile; fileRef = 5594A16F222E04850042A01E /* PlayerEntity.swift */; };
		5594A172222E04A10042A01E /* SpriteComponent.swift in Sources */ = {isa = PBXBuildFile; fileRef = 5594A171222E04A10042A01E /* SpriteComponent.swift */; };
		5594A174222E09DD0042A01E /* MovementComponent.swift in Sources */ = {isa = PBXBuildFile; fileRef = 5594A173222E09DD0042A01E /* MovementComponent.swift */; };
		5594A1762233555F0042A01E /* ObstacleEntity.swift in Sources */ = {isa = PBXBuildFile; fileRef = 5594A1752233555F0042A01E /* ObstacleEntity.swift */; };
		5594A179223578BB0042A01E /* PlayingState.swift in Sources */ = {isa = PBXBuildFile; fileRef = 5594A178223578BB0042A01E /* PlayingState.swift */; };
		5594A17B223578D90042A01E /* FallingState.swift in Sources */ = {isa = PBXBuildFile; fileRef = 5594A17A223578D90042A01E /* FallingState.swift */; };
		5594A17D223578E40042A01E /* GameOverState.swift in Sources */ = {isa = PBXBuildFile; fileRef = 5594A17C223578E40042A01E /* GameOverState.swift */; };
		5594A17F22374D7D0042A01E /* MainMenuState.swift in Sources */ = {isa = PBXBuildFile; fileRef = 5594A17E22374D7D0042A01E /* MainMenuState.swift */; };
		5594A18122374D850042A01E /* TutorialState.swift in Sources */ = {isa = PBXBuildFile; fileRef = 5594A18022374D850042A01E /* TutorialState.swift */; };
		55E355B52239FBD500C05252 /* AnimationComponent.swift in Sources */ = {isa = PBXBuildFile; fileRef = 55E355B42239FBD500C05252 /* AnimationComponent.swift */; };
/* End PBXBuildFile section */

/* Begin PBXFileReference section */
		5594A121222C465D0042A01E /* FlappyFelipe.app */ = {isa = PBXFileReference; explicitFileType = wrapper.application; includeInIndex = 0; path = FlappyFelipe.app; sourceTree = BUILT_PRODUCTS_DIR; };
		5594A124222C465D0042A01E /* AppDelegate.swift */ = {isa = PBXFileReference; lastKnownFileType = sourcecode.swift; path = AppDelegate.swift; sourceTree = "<group>"; };
		5594A12A222C465D0042A01E /* GameScene.swift */ = {isa = PBXFileReference; lastKnownFileType = sourcecode.swift; path = GameScene.swift; sourceTree = "<group>"; };
		5594A12C222C465D0042A01E /* GameViewController.swift */ = {isa = PBXFileReference; lastKnownFileType = sourcecode.swift; path = GameViewController.swift; sourceTree = "<group>"; };
		5594A12F222C465D0042A01E /* Base */ = {isa = PBXFileReference; lastKnownFileType = file.storyboard; name = Base; path = Base.lproj/Main.storyboard; sourceTree = "<group>"; };
		5594A131222C465E0042A01E /* Assets.xcassets */ = {isa = PBXFileReference; lastKnownFileType = folder.assetcatalog; path = Assets.xcassets; sourceTree = "<group>"; };
		5594A134222C465E0042A01E /* Base */ = {isa = PBXFileReference; lastKnownFileType = file.storyboard; name = Base; path = Base.lproj/LaunchScreen.storyboard; sourceTree = "<group>"; };
		5594A136222C465E0042A01E /* Info.plist */ = {isa = PBXFileReference; lastKnownFileType = text.plist.xml; path = Info.plist; sourceTree = "<group>"; };
		5594A13E222CA78C0042A01E /* sprites.atlas */ = {isa = PBXFileReference; lastKnownFileType = folder.skatlas; path = sprites.atlas; sourceTree = "<group>"; };
		5594A140222CA78C0042A01E /* SKColor+Extensions.swift */ = {isa = PBXFileReference; fileEncoding = 4; lastKnownFileType = sourcecode.swift; path = "SKColor+Extensions.swift"; sourceTree = "<group>"; };
		5594A141222CA78C0042A01E /* CGVector+Extensions.swift */ = {isa = PBXFileReference; fileEncoding = 4; lastKnownFileType = sourcecode.swift; path = "CGVector+Extensions.swift"; sourceTree = "<group>"; };
		5594A142222CA78C0042A01E /* Int+Extensions.swift */ = {isa = PBXFileReference; fileEncoding = 4; lastKnownFileType = sourcecode.swift; path = "Int+Extensions.swift"; sourceTree = "<group>"; };
		5594A143222CA78C0042A01E /* SKTTimingFunctions.swift */ = {isa = PBXFileReference; fileEncoding = 4; lastKnownFileType = sourcecode.swift; path = SKTTimingFunctions.swift; sourceTree = "<group>"; };
		5594A144222CA78C0042A01E /* SKAction+Extensions.swift */ = {isa = PBXFileReference; fileEncoding = 4; lastKnownFileType = sourcecode.swift; path = "SKAction+Extensions.swift"; sourceTree = "<group>"; };
		5594A145222CA78C0042A01E /* SKAction+SpecialEffects.swift */ = {isa = PBXFileReference; fileEncoding = 4; lastKnownFileType = sourcecode.swift; path = "SKAction+SpecialEffects.swift"; sourceTree = "<group>"; };
		5594A146222CA78C0042A01E /* SKNode+Extensions.swift */ = {isa = PBXFileReference; fileEncoding = 4; lastKnownFileType = sourcecode.swift; path = "SKNode+Extensions.swift"; sourceTree = "<group>"; };
		5594A147222CA78C0042A01E /* CGPoint+Extensions.swift */ = {isa = PBXFileReference; fileEncoding = 4; lastKnownFileType = sourcecode.swift; path = "CGPoint+Extensions.swift"; sourceTree = "<group>"; };
		5594A148222CA78C0042A01E /* SKTEffects.swift */ = {isa = PBXFileReference; fileEncoding = 4; lastKnownFileType = sourcecode.swift; path = SKTEffects.swift; sourceTree = "<group>"; };
		5594A149222CA78C0042A01E /* SKTAudio.swift */ = {isa = PBXFileReference; fileEncoding = 4; lastKnownFileType = sourcecode.swift; path = SKTAudio.swift; sourceTree = "<group>"; };
		5594A14A222CA78C0042A01E /* Vector3.swift */ = {isa = PBXFileReference; fileEncoding = 4; lastKnownFileType = sourcecode.swift; path = Vector3.swift; sourceTree = "<group>"; };
		5594A14B222CA78C0042A01E /* CGFloat+Extensions.swift */ = {isa = PBXFileReference; fileEncoding = 4; lastKnownFileType = sourcecode.swift; path = "CGFloat+Extensions.swift"; sourceTree = "<group>"; };
		5594A14D222CA78C0042A01E /* hitGround.wav */ = {isa = PBXFileReference; lastKnownFileType = audio.wav; path = hitGround.wav; sourceTree = "<group>"; };
		5594A14E222CA78C0042A01E /* whack.wav */ = {isa = PBXFileReference; lastKnownFileType = audio.wav; path = whack.wav; sourceTree = "<group>"; };
		5594A14F222CA78C0042A01E /* flapping.wav */ = {isa = PBXFileReference; lastKnownFileType = audio.wav; path = flapping.wav; sourceTree = "<group>"; };
		5594A150222CA78C0042A01E /* falling.wav */ = {isa = PBXFileReference; lastKnownFileType = audio.wav; path = falling.wav; sourceTree = "<group>"; };
		5594A151222CA78C0042A01E /* coin.wav */ = {isa = PBXFileReference; lastKnownFileType = audio.wav; path = coin.wav; sourceTree = "<group>"; };
		5594A152222CA78C0042A01E /* pop.wav */ = {isa = PBXFileReference; lastKnownFileType = audio.wav; path = pop.wav; sourceTree = "<group>"; };
		5594A153222CA78C0042A01E /* ding.wav */ = {isa = PBXFileReference; lastKnownFileType = audio.wav; path = ding.wav; sourceTree = "<group>"; };
		5594A16F222E04850042A01E /* PlayerEntity.swift */ = {isa = PBXFileReference; lastKnownFileType = sourcecode.swift; path = PlayerEntity.swift; sourceTree = "<group>"; };
		5594A171222E04A10042A01E /* SpriteComponent.swift */ = {isa = PBXFileReference; lastKnownFileType = sourcecode.swift; path = SpriteComponent.swift; sourceTree = "<group>"; };
		5594A173222E09DD0042A01E /* MovementComponent.swift */ = {isa = PBXFileReference; lastKnownFileType = sourcecode.swift; path = MovementComponent.swift; sourceTree = "<group>"; };
		5594A1752233555F0042A01E /* ObstacleEntity.swift */ = {isa = PBXFileReference; lastKnownFileType = sourcecode.swift; path = ObstacleEntity.swift; sourceTree = "<group>"; };
		5594A178223578BB0042A01E /* PlayingState.swift */ = {isa = PBXFileReference; lastKnownFileType = sourcecode.swift; path = PlayingState.swift; sourceTree = "<group>"; };
		5594A17A223578D90042A01E /* FallingState.swift */ = {isa = PBXFileReference; lastKnownFileType = sourcecode.swift; path = FallingState.swift; sourceTree = "<group>"; };
		5594A17C223578E40042A01E /* GameOverState.swift */ = {isa = PBXFileReference; lastKnownFileType = sourcecode.swift; path = GameOverState.swift; sourceTree = "<group>"; };
		5594A17E22374D7D0042A01E /* MainMenuState.swift */ = {isa = PBXFileReference; lastKnownFileType = sourcecode.swift; path = MainMenuState.swift; sourceTree = "<group>"; };
		5594A18022374D850042A01E /* TutorialState.swift */ = {isa = PBXFileReference; lastKnownFileType = sourcecode.swift; path = TutorialState.swift; sourceTree = "<group>"; };
		55E355B42239FBD500C05252 /* AnimationComponent.swift */ = {isa = PBXFileReference; lastKnownFileType = sourcecode.swift; path = AnimationComponent.swift; sourceTree = "<group>"; };
/* End PBXFileReference section */

/* Begin PBXFrameworksBuildPhase section */
		5594A11E222C465D0042A01E /* Frameworks */ = {
			isa = PBXFrameworksBuildPhase;
			buildActionMask = 2147483647;
			files = (
			);
			runOnlyForDeploymentPostprocessing = 0;
		};
/* End PBXFrameworksBuildPhase section */

/* Begin PBXGroup section */
		5594A118222C465D0042A01E = {
			isa = PBXGroup;
			children = (
				5594A123222C465D0042A01E /* FlappyFelipe */,
				5594A122222C465D0042A01E /* Products */,
			);
			sourceTree = "<group>";
		};
		5594A122222C465D0042A01E /* Products */ = {
			isa = PBXGroup;
			children = (
				5594A121222C465D0042A01E /* FlappyFelipe.app */,
			);
			name = Products;
			sourceTree = "<group>";
		};
		5594A123222C465D0042A01E /* FlappyFelipe */ = {
			isa = PBXGroup;
			children = (
				5594A1772235789E0042A01E /* GameStates */,
				5594A16E222E04710042A01E /* Components */,
				5594A16D222E04670042A01E /* Entities */,
				5594A13C222CA78C0042A01E /* Resources */,
				5594A124222C465D0042A01E /* AppDelegate.swift */,
				5594A12A222C465D0042A01E /* GameScene.swift */,
				5594A12C222C465D0042A01E /* GameViewController.swift */,
				5594A12E222C465D0042A01E /* Main.storyboard */,
				5594A131222C465E0042A01E /* Assets.xcassets */,
				5594A133222C465E0042A01E /* LaunchScreen.storyboard */,
				5594A136222C465E0042A01E /* Info.plist */,
			);
			path = FlappyFelipe;
			sourceTree = "<group>";
		};
		5594A13C222CA78C0042A01E /* Resources */ = {
			isa = PBXGroup;
			children = (
				5594A13D222CA78C0042A01E /* Artwork */,
				5594A13F222CA78C0042A01E /* SKTUtils */,
				5594A14C222CA78C0042A01E /* Sounds */,
			);
			path = Resources;
			sourceTree = "<group>";
		};
		5594A13D222CA78C0042A01E /* Artwork */ = {
			isa = PBXGroup;
			children = (
				5594A13E222CA78C0042A01E /* sprites.atlas */,
			);
			path = Artwork;
			sourceTree = "<group>";
		};
		5594A13F222CA78C0042A01E /* SKTUtils */ = {
			isa = PBXGroup;
			children = (
				5594A140222CA78C0042A01E /* SKColor+Extensions.swift */,
				5594A141222CA78C0042A01E /* CGVector+Extensions.swift */,
				5594A142222CA78C0042A01E /* Int+Extensions.swift */,
				5594A143222CA78C0042A01E /* SKTTimingFunctions.swift */,
				5594A144222CA78C0042A01E /* SKAction+Extensions.swift */,
				5594A145222CA78C0042A01E /* SKAction+SpecialEffects.swift */,
				5594A146222CA78C0042A01E /* SKNode+Extensions.swift */,
				5594A147222CA78C0042A01E /* CGPoint+Extensions.swift */,
				5594A148222CA78C0042A01E /* SKTEffects.swift */,
				5594A149222CA78C0042A01E /* SKTAudio.swift */,
				5594A14A222CA78C0042A01E /* Vector3.swift */,
				5594A14B222CA78C0042A01E /* CGFloat+Extensions.swift */,
			);
			path = SKTUtils;
			sourceTree = "<group>";
		};
		5594A14C222CA78C0042A01E /* Sounds */ = {
			isa = PBXGroup;
			children = (
				5594A14D222CA78C0042A01E /* hitGround.wav */,
				5594A14E222CA78C0042A01E /* whack.wav */,
				5594A14F222CA78C0042A01E /* flapping.wav */,
				5594A150222CA78C0042A01E /* falling.wav */,
				5594A151222CA78C0042A01E /* coin.wav */,
				5594A152222CA78C0042A01E /* pop.wav */,
				5594A153222CA78C0042A01E /* ding.wav */,
			);
			path = Sounds;
			sourceTree = "<group>";
		};
		5594A16D222E04670042A01E /* Entities */ = {
			isa = PBXGroup;
			children = (
				5594A16F222E04850042A01E /* PlayerEntity.swift */,
				5594A1752233555F0042A01E /* ObstacleEntity.swift */,
			);
			path = Entities;
			sourceTree = "<group>";
		};
		5594A16E222E04710042A01E /* Components */ = {
			isa = PBXGroup;
			children = (
				5594A171222E04A10042A01E /* SpriteComponent.swift */,
				5594A173222E09DD0042A01E /* MovementComponent.swift */,
				55E355B42239FBD500C05252 /* AnimationComponent.swift */,
			);
			path = Components;
			sourceTree = "<group>";
		};
		5594A1772235789E0042A01E /* GameStates */ = {
			isa = PBXGroup;
			children = (
				5594A178223578BB0042A01E /* PlayingState.swift */,
				5594A17A223578D90042A01E /* FallingState.swift */,
				5594A17C223578E40042A01E /* GameOverState.swift */,
				5594A17E22374D7D0042A01E /* MainMenuState.swift */,
				5594A18022374D850042A01E /* TutorialState.swift */,
			);
			path = GameStates;
			sourceTree = "<group>";
		};
/* End PBXGroup section */

/* Begin PBXNativeTarget section */
		5594A120222C465D0042A01E /* FlappyFelipe */ = {
			isa = PBXNativeTarget;
			buildConfigurationList = 5594A139222C465E0042A01E /* Build configuration list for PBXNativeTarget "FlappyFelipe" */;
			buildPhases = (
				5594A11D222C465D0042A01E /* Sources */,
				5594A11E222C465D0042A01E /* Frameworks */,
				5594A11F222C465D0042A01E /* Resources */,
			);
			buildRules = (
			);
			dependencies = (
			);
			name = FlappyFelipe;
			productName = FlappyFelipe;
			productReference = 5594A121222C465D0042A01E /* FlappyFelipe.app */;
			productType = "com.apple.product-type.application";
		};
/* End PBXNativeTarget section */

/* Begin PBXProject section */
		5594A119222C465D0042A01E /* Project object */ = {
			isa = PBXProject;
			attributes = {
				LastSwiftUpdateCheck = 1010;
				LastUpgradeCheck = 1010;
				ORGANIZATIONNAME = Hextorm;
				TargetAttributes = {
					5594A120222C465D0042A01E = {
						CreatedOnToolsVersion = 10.1;
					};
				};
			};
			buildConfigurationList = 5594A11C222C465D0042A01E /* Build configuration list for PBXProject "FlappyFelipe" */;
			compatibilityVersion = "Xcode 9.3";
			developmentRegion = en;
			hasScannedForEncodings = 0;
			knownRegions = (
				en,
				Base,
			);
			mainGroup = 5594A118222C465D0042A01E;
			productRefGroup = 5594A122222C465D0042A01E /* Products */;
			projectDirPath = "";
			projectRoot = "";
			targets = (
				5594A120222C465D0042A01E /* FlappyFelipe */,
			);
		};
/* End PBXProject section */

/* Begin PBXResourcesBuildPhase section */
		5594A11F222C465D0042A01E /* Resources */ = {
			isa = PBXResourcesBuildPhase;
			buildActionMask = 2147483647;
			files = (
				5594A166222CA78C0042A01E /* flapping.wav in Resources */,
				5594A130222C465D0042A01E /* Main.storyboard in Resources */,
				5594A169222CA78C0042A01E /* pop.wav in Resources */,
				5594A16A222CA78C0042A01E /* ding.wav in Resources */,
				5594A164222CA78C0042A01E /* hitGround.wav in Resources */,
				5594A132222C465E0042A01E /* Assets.xcassets in Resources */,
				5594A167222CA78C0042A01E /* falling.wav in Resources */,
				5594A157222CA78C0042A01E /* sprites.atlas in Resources */,
				5594A168222CA78C0042A01E /* coin.wav in Resources */,
				5594A135222C465E0042A01E /* LaunchScreen.storyboard in Resources */,
				5594A165222CA78C0042A01E /* whack.wav in Resources */,
			);
			runOnlyForDeploymentPostprocessing = 0;
		};
/* End PBXResourcesBuildPhase section */

/* Begin PBXSourcesBuildPhase section */
		5594A11D222C465D0042A01E /* Sources */ = {
			isa = PBXSourcesBuildPhase;
			buildActionMask = 2147483647;
			files = (
				5594A159222CA78C0042A01E /* CGVector+Extensions.swift in Sources */,
				5594A163222CA78C0042A01E /* CGFloat+Extensions.swift in Sources */,
				5594A160222CA78C0042A01E /* SKTEffects.swift in Sources */,
				5594A12B222C465D0042A01E /* GameScene.swift in Sources */,
				5594A17F22374D7D0042A01E /* MainMenuState.swift in Sources */,
				5594A15D222CA78C0042A01E /* SKAction+SpecialEffects.swift in Sources */,
				55E355B52239FBD500C05252 /* AnimationComponent.swift in Sources */,
				5594A161222CA78C0042A01E /* SKTAudio.swift in Sources */,
				5594A15B222CA78C0042A01E /* SKTTimingFunctions.swift in Sources */,
				5594A170222E04850042A01E /* PlayerEntity.swift in Sources */,
				5594A162222CA78C0042A01E /* Vector3.swift in Sources */,
				5594A1762233555F0042A01E /* ObstacleEntity.swift in Sources */,
				5594A17B223578D90042A01E /* FallingState.swift in Sources */,
				5594A172222E04A10042A01E /* SpriteComponent.swift in Sources */,
				5594A15C222CA78C0042A01E /* SKAction+Extensions.swift in Sources */,
				5594A12D222C465D0042A01E /* GameViewController.swift in Sources */,
				5594A15A222CA78C0042A01E /* Int+Extensions.swift in Sources */,
				5594A15F222CA78C0042A01E /* CGPoint+Extensions.swift in Sources */,
				5594A15E222CA78C0042A01E /* SKNode+Extensions.swift in Sources */,
				5594A17D223578E40042A01E /* GameOverState.swift in Sources */,
				5594A18122374D850042A01E /* TutorialState.swift in Sources */,
				5594A125222C465D0042A01E /* AppDelegate.swift in Sources */,
				5594A174222E09DD0042A01E /* MovementComponent.swift in Sources */,
				5594A179223578BB0042A01E /* PlayingState.swift in Sources */,
				5594A158222CA78C0042A01E /* SKColor+Extensions.swift in Sources */,
			);
			runOnlyForDeploymentPostprocessing = 0;
		};
/* End PBXSourcesBuildPhase section */

/* Begin PBXVariantGroup section */
		5594A12E222C465D0042A01E /* Main.storyboard */ = {
			isa = PBXVariantGroup;
			children = (
				5594A12F222C465D0042A01E /* Base */,
			);
			name = Main.storyboard;
			sourceTree = "<group>";
		};
		5594A133222C465E0042A01E /* LaunchScreen.storyboard */ = {
			isa = PBXVariantGroup;
			children = (
				5594A134222C465E0042A01E /* Base */,
			);
			name = LaunchScreen.storyboard;
			sourceTree = "<group>";
		};
/* End PBXVariantGroup section */

/* Begin XCBuildConfiguration section */
		5594A137222C465E0042A01E /* Debug */ = {
			isa = XCBuildConfiguration;
			buildSettings = {
				ALWAYS_SEARCH_USER_PATHS = NO;
				CLANG_ANALYZER_NONNULL = YES;
				CLANG_ANALYZER_NUMBER_OBJECT_CONVERSION = YES_AGGRESSIVE;
				CLANG_CXX_LANGUAGE_STANDARD = "gnu++14";
				CLANG_CXX_LIBRARY = "libc++";
				CLANG_ENABLE_MODULES = YES;
				CLANG_ENABLE_OBJC_ARC = YES;
				CLANG_ENABLE_OBJC_WEAK = YES;
				CLANG_WARN_BLOCK_CAPTURE_AUTORELEASING = YES;
				CLANG_WARN_BOOL_CONVERSION = YES;
				CLANG_WARN_COMMA = YES;
				CLANG_WARN_CONSTANT_CONVERSION = YES;
				CLANG_WARN_DEPRECATED_OBJC_IMPLEMENTATIONS = YES;
				CLANG_WARN_DIRECT_OBJC_ISA_USAGE = YES_ERROR;
				CLANG_WARN_DOCUMENTATION_COMMENTS = YES;
				CLANG_WARN_EMPTY_BODY = YES;
				CLANG_WARN_ENUM_CONVERSION = YES;
				CLANG_WARN_INFINITE_RECURSION = YES;
				CLANG_WARN_INT_CONVERSION = YES;
				CLANG_WARN_NON_LITERAL_NULL_CONVERSION = YES;
				CLANG_WARN_OBJC_IMPLICIT_RETAIN_SELF = YES;
				CLANG_WARN_OBJC_LITERAL_CONVERSION = YES;
				CLANG_WARN_OBJC_ROOT_CLASS = YES_ERROR;
				CLANG_WARN_RANGE_LOOP_ANALYSIS = YES;
				CLANG_WARN_STRICT_PROTOTYPES = YES;
				CLANG_WARN_SUSPICIOUS_MOVE = YES;
				CLANG_WARN_UNGUARDED_AVAILABILITY = YES_AGGRESSIVE;
				CLANG_WARN_UNREACHABLE_CODE = YES;
				CLANG_WARN__DUPLICATE_METHOD_MATCH = YES;
				CODE_SIGN_IDENTITY = "iPhone Developer";
				COPY_PHASE_STRIP = NO;
				DEBUG_INFORMATION_FORMAT = dwarf;
				ENABLE_STRICT_OBJC_MSGSEND = YES;
				ENABLE_TESTABILITY = YES;
				GCC_C_LANGUAGE_STANDARD = gnu11;
				GCC_DYNAMIC_NO_PIC = NO;
				GCC_NO_COMMON_BLOCKS = YES;
				GCC_OPTIMIZATION_LEVEL = 0;
				GCC_PREPROCESSOR_DEFINITIONS = (
					"DEBUG=1",
					"$(inherited)",
				);
				GCC_WARN_64_TO_32_BIT_CONVERSION = YES;
				GCC_WARN_ABOUT_RETURN_TYPE = YES_ERROR;
				GCC_WARN_UNDECLARED_SELECTOR = YES;
				GCC_WARN_UNINITIALIZED_AUTOS = YES_AGGRESSIVE;
				GCC_WARN_UNUSED_FUNCTION = YES;
				GCC_WARN_UNUSED_VARIABLE = YES;
				IPHONEOS_DEPLOYMENT_TARGET = 12.1;
				MTL_ENABLE_DEBUG_INFO = INCLUDE_SOURCE;
				MTL_FAST_MATH = YES;
				ONLY_ACTIVE_ARCH = YES;
				SDKROOT = iphoneos;
				SWIFT_ACTIVE_COMPILATION_CONDITIONS = DEBUG;
				SWIFT_OPTIMIZATION_LEVEL = "-Onone";
			};
			name = Debug;
		};
		5594A138222C465E0042A01E /* Release */ = {
			isa = XCBuildConfiguration;
			buildSettings = {
				ALWAYS_SEARCH_USER_PATHS = NO;
				CLANG_ANALYZER_NONNULL = YES;
				CLANG_ANALYZER_NUMBER_OBJECT_CONVERSION = YES_AGGRESSIVE;
				CLANG_CXX_LANGUAGE_STANDARD = "gnu++14";
				CLANG_CXX_LIBRARY = "libc++";
				CLANG_ENABLE_MODULES = YES;
				CLANG_ENABLE_OBJC_ARC = YES;
				CLANG_ENABLE_OBJC_WEAK = YES;
				CLANG_WARN_BLOCK_CAPTURE_AUTORELEASING = YES;
				CLANG_WARN_BOOL_CONVERSION = YES;
				CLANG_WARN_COMMA = YES;
				CLANG_WARN_CONSTANT_CONVERSION = YES;
				CLANG_WARN_DEPRECATED_OBJC_IMPLEMENTATIONS = YES;
				CLANG_WARN_DIRECT_OBJC_ISA_USAGE = YES_ERROR;
				CLANG_WARN_DOCUMENTATION_COMMENTS = YES;
				CLANG_WARN_EMPTY_BODY = YES;
				CLANG_WARN_ENUM_CONVERSION = YES;
				CLANG_WARN_INFINITE_RECURSION = YES;
				CLANG_WARN_INT_CONVERSION = YES;
				CLANG_WARN_NON_LITERAL_NULL_CONVERSION = YES;
				CLANG_WARN_OBJC_IMPLICIT_RETAIN_SELF = YES;
				CLANG_WARN_OBJC_LITERAL_CONVERSION = YES;
				CLANG_WARN_OBJC_ROOT_CLASS = YES_ERROR;
				CLANG_WARN_RANGE_LOOP_ANALYSIS = YES;
				CLANG_WARN_STRICT_PROTOTYPES = YES;
				CLANG_WARN_SUSPICIOUS_MOVE = YES;
				CLANG_WARN_UNGUARDED_AVAILABILITY = YES_AGGRESSIVE;
				CLANG_WARN_UNREACHABLE_CODE = YES;
				CLANG_WARN__DUPLICATE_METHOD_MATCH = YES;
				CODE_SIGN_IDENTITY = "iPhone Developer";
				COPY_PHASE_STRIP = NO;
				DEBUG_INFORMATION_FORMAT = "dwarf-with-dsym";
				ENABLE_NS_ASSERTIONS = NO;
				ENABLE_STRICT_OBJC_MSGSEND = YES;
				GCC_C_LANGUAGE_STANDARD = gnu11;
				GCC_NO_COMMON_BLOCKS = YES;
				GCC_WARN_64_TO_32_BIT_CONVERSION = YES;
				GCC_WARN_ABOUT_RETURN_TYPE = YES_ERROR;
				GCC_WARN_UNDECLARED_SELECTOR = YES;
				GCC_WARN_UNINITIALIZED_AUTOS = YES_AGGRESSIVE;
				GCC_WARN_UNUSED_FUNCTION = YES;
				GCC_WARN_UNUSED_VARIABLE = YES;
				IPHONEOS_DEPLOYMENT_TARGET = 12.1;
				MTL_ENABLE_DEBUG_INFO = NO;
				MTL_FAST_MATH = YES;
				SDKROOT = iphoneos;
				SWIFT_COMPILATION_MODE = wholemodule;
				SWIFT_OPTIMIZATION_LEVEL = "-O";
				VALIDATE_PRODUCT = YES;
			};
			name = Release;
		};
		5594A13A222C465E0042A01E /* Debug */ = {
			isa = XCBuildConfiguration;
			buildSettings = {
				ASSETCATALOG_COMPILER_APPICON_NAME = AppIcon;
				CODE_SIGN_STYLE = Automatic;
				DEVELOPMENT_TEAM = 584GF5R72X;
				INFOPLIST_FILE = FlappyFelipe/Info.plist;
				LD_RUNPATH_SEARCH_PATHS = (
					"$(inherited)",
					"@executable_path/Frameworks",
				);
				PRODUCT_BUNDLE_IDENTIFIER = com.hextorm.FlappyFelipe;
				PRODUCT_NAME = "$(TARGET_NAME)";
				SWIFT_VERSION = 4.2;
				TARGETED_DEVICE_FAMILY = "1,2";
			};
			name = Debug;
		};
		5594A13B222C465E0042A01E /* Release */ = {
			isa = XCBuildConfiguration;
			buildSettings = {
				ASSETCATALOG_COMPILER_APPICON_NAME = AppIcon;
				CODE_SIGN_STYLE = Automatic;
				DEVELOPMENT_TEAM = 584GF5R72X;
				INFOPLIST_FILE = FlappyFelipe/Info.plist;
				LD_RUNPATH_SEARCH_PATHS = (
					"$(inherited)",
					"@executable_path/Frameworks",
				);
				PRODUCT_BUNDLE_IDENTIFIER = com.hextorm.FlappyFelipe;
				PRODUCT_NAME = "$(TARGET_NAME)";
				SWIFT_VERSION = 4.2;
				TARGETED_DEVICE_FAMILY = "1,2";
			};
			name = Release;
		};
/* End XCBuildConfiguration section */

/* Begin XCConfigurationList section */
		5594A11C222C465D0042A01E /* Build configuration list for PBXProject "FlappyFelipe" */ = {
			isa = XCConfigurationList;
			buildConfigurations = (
				5594A137222C465E0042A01E /* Debug */,
				5594A138222C465E0042A01E /* Release */,
			);
			defaultConfigurationIsVisible = 0;
			defaultConfigurationName = Release;
		};
		5594A139222C465E0042A01E /* Build configuration list for PBXNativeTarget "FlappyFelipe" */ = {
			isa = XCConfigurationList;
			buildConfigurations = (
				5594A13A222C465E0042A01E /* Debug */,
				5594A13B222C465E0042A01E /* Release */,
			);
			defaultConfigurationIsVisible = 0;
			defaultConfigurationName = Release;
		};
/* End XCConfigurationList section */
	};
	rootObject = 5594A119222C465D0042A01E /* Project object */;
}
